// !$*UTF8*$!
{
	archiveVersion = 1;
	classes = {
	};
	objectVersion = 54;
	objects = {

/* Begin PBXBuildFile section */
		00E356F31AD99517003FC87E /* VertexTests.m in Sources */ = {isa = PBXBuildFile; fileRef = 00E356F21AD99517003FC87E /* VertexTests.m */; };
		08BC7AEEC33E77EFA86B24AF /* libPods-Vertex.a in Frameworks */ = {isa = PBXBuildFile; fileRef = 79C3C83C86F1E6531C7C4085 /* libPods-Vertex.a */; };
		13B07FBC1A68108700A75B9A /* AppDelegate.m in Sources */ = {isa = PBXBuildFile; fileRef = 13B07FB01A68108700A75B9A /* AppDelegate.m */; };
		13B07FBF1A68108700A75B9A /* Images.xcassets in Resources */ = {isa = PBXBuildFile; fileRef = 13B07FB51A68108700A75B9A /* Images.xcassets */; };
		13B07FC11A68108700A75B9A /* main.m in Sources */ = {isa = PBXBuildFile; fileRef = 13B07FB71A68108700A75B9A /* main.m */; };
		538C2AE42652461000357E98 /* DPIcon.ttf in Resources */ = {isa = PBXBuildFile; fileRef = 538C2AE32652458A00357E98 /* DPIcon.ttf */; };
		81AB9BB82411601600AC10FF /* LaunchScreen.storyboard in Resources */ = {isa = PBXBuildFile; fileRef = 81AB9BB72411601600AC10FF /* LaunchScreen.storyboard */; };
		E9F9E0E5FBAAEC81A2DD9FA0 /* libPods-Vertex-VertexTests.a in Frameworks */ = {isa = PBXBuildFile; fileRef = 74EBA589C9340E625834B052 /* libPods-Vertex-VertexTests.a */; };
		84AFD0132FE3409F88B0B03A /* Montserrat-Black.ttf in Resources */ = {isa = PBXBuildFile; fileRef = 9F9A36A8C61F4A34AFC2A5E1 /* Montserrat-Black.ttf */; };
		B6B962839C4D4A5CB622C74E /* Montserrat-BlackItalic.ttf in Resources */ = {isa = PBXBuildFile; fileRef = 913D5C0AD4484AC180BBAE8D /* Montserrat-BlackItalic.ttf */; };
		BA683959567D4E558778AE02 /* Montserrat-Bold.ttf in Resources */ = {isa = PBXBuildFile; fileRef = 3C2B76F450A546BC9C77AADF /* Montserrat-Bold.ttf */; };
		E725EF140794489B8D9D4028 /* Montserrat-BoldItalic.ttf in Resources */ = {isa = PBXBuildFile; fileRef = 2D0EA25D205E4DF1A2513FA3 /* Montserrat-BoldItalic.ttf */; };
		3A736FDCFA96419FA5CD35ED /* Montserrat-ExtraBold.ttf in Resources */ = {isa = PBXBuildFile; fileRef = 123D6B1569BE43B688DB7617 /* Montserrat-ExtraBold.ttf */; };
		FE45D35D216C46B8A4E27C22 /* Montserrat-ExtraBoldItalic.ttf in Resources */ = {isa = PBXBuildFile; fileRef = 0489CE4B48404D64B1988882 /* Montserrat-ExtraBoldItalic.ttf */; };
		DE5EE2BC395743E5BD306F44 /* Montserrat-ExtraLight.ttf in Resources */ = {isa = PBXBuildFile; fileRef = CE10C38F4B8C4EA495FE0558 /* Montserrat-ExtraLight.ttf */; };
		81C858A89DA34E04AAAAD340 /* Montserrat-ExtraLightItalic.ttf in Resources */ = {isa = PBXBuildFile; fileRef = 41542C1C69104F7F8A32E0D1 /* Montserrat-ExtraLightItalic.ttf */; };
		38B40235FE964251AAC5359B /* Montserrat-Italic.ttf in Resources */ = {isa = PBXBuildFile; fileRef = B2AB79F4D1444F3ABFD6783C /* Montserrat-Italic.ttf */; };
		5DBFBCB51219405BA1D5AB91 /* Montserrat-Light.ttf in Resources */ = {isa = PBXBuildFile; fileRef = E2E5E65EF3FB46B38EFB5341 /* Montserrat-Light.ttf */; };
		1FED9FEBAA4D433180E04C1B /* Montserrat-LightItalic.ttf in Resources */ = {isa = PBXBuildFile; fileRef = EF3DC8F8F0AD48D68B34C556 /* Montserrat-LightItalic.ttf */; };
		3800764B049C4D19B460B803 /* Montserrat-Medium.ttf in Resources */ = {isa = PBXBuildFile; fileRef = 77B5CFD3320047DE8B26AD68 /* Montserrat-Medium.ttf */; };
		09B3F35826B3479DB598E0C5 /* Montserrat-MediumItalic.ttf in Resources */ = {isa = PBXBuildFile; fileRef = 2839BA9E95F246CF95D94F48 /* Montserrat-MediumItalic.ttf */; };
		49D99EAF06AB4760B4BA2254 /* Montserrat-Regular.ttf in Resources */ = {isa = PBXBuildFile; fileRef = C8EF495154174F769B2C6782 /* Montserrat-Regular.ttf */; };
		F79001F0F780430BA73F9251 /* Montserrat-SemiBold.ttf in Resources */ = {isa = PBXBuildFile; fileRef = 5B18A9BD7B2E4F04ADBED43E /* Montserrat-SemiBold.ttf */; };
		4BAA0993B25540089CA19BD3 /* Montserrat-SemiBoldItalic.ttf in Resources */ = {isa = PBXBuildFile; fileRef = 1A521C9E2E4840A38F11315C /* Montserrat-SemiBoldItalic.ttf */; };
		439840F9E12C47449AB13622 /* Montserrat-Thin.ttf in Resources */ = {isa = PBXBuildFile; fileRef = A1C3296B895E45EF90AC83BF /* Montserrat-Thin.ttf */; };
		AE294AA570134EA586C4B8A8 /* Montserrat-ThinItalic.ttf in Resources */ = {isa = PBXBuildFile; fileRef = 3542A5BE7DAA42BE9FA00719 /* Montserrat-ThinItalic.ttf */; };
		67F83C6FBC1942359F8F997D /* AntDesign.ttf in Resources */ = {isa = PBXBuildFile; fileRef = 171F2ED176C24ED89640807E /* AntDesign.ttf */; };
		4759BF77F4044CC7BE14E53B /* Entypo.ttf in Resources */ = {isa = PBXBuildFile; fileRef = AEDE3139DC0C4BD795669F32 /* Entypo.ttf */; };
		6360DC594CCF4369BBEB13D7 /* EvilIcons.ttf in Resources */ = {isa = PBXBuildFile; fileRef = 968E29C90E3B425F98D5E161 /* EvilIcons.ttf */; };
		5CB350A70ACA4F19A06BAAD5 /* Feather.ttf in Resources */ = {isa = PBXBuildFile; fileRef = F460A9DB46444FB48DE78137 /* Feather.ttf */; };
		7C3D309845EC47D19ECA5CDF /* FontAwesome.ttf in Resources */ = {isa = PBXBuildFile; fileRef = 197047EC528042758D089A0C /* FontAwesome.ttf */; };
		A57CA21A94B54E40ACCDCADD /* FontAwesome5_Brands.ttf in Resources */ = {isa = PBXBuildFile; fileRef = B088BC8DE35949AA8B3148EE /* FontAwesome5_Brands.ttf */; };
		4459BDC21C404E96A1A3EDBB /* FontAwesome5_Regular.ttf in Resources */ = {isa = PBXBuildFile; fileRef = 27E46FB7F4E043DF9575CDF6 /* FontAwesome5_Regular.ttf */; };
		A80A3673C2394C8EB8D68609 /* FontAwesome5_Solid.ttf in Resources */ = {isa = PBXBuildFile; fileRef = EAEBBA2AB40B42AE933A3334 /* FontAwesome5_Solid.ttf */; };
		7B75982C30074392ABA37CB6 /* Fontisto.ttf in Resources */ = {isa = PBXBuildFile; fileRef = 9ED6ACB207FD4C53821EB0F2 /* Fontisto.ttf */; };
		484F47982D7748AB9C9E1CE7 /* Foundation.ttf in Resources */ = {isa = PBXBuildFile; fileRef = 29E1B11685B4478F9D2D0D2C /* Foundation.ttf */; };
		080C8A4EBDB74890886072BF /* Ionicons.ttf in Resources */ = {isa = PBXBuildFile; fileRef = B06D741E033445DD93956A41 /* Ionicons.ttf */; };
		67337A1B55A04A5A9B74C11E /* MaterialCommunityIcons.ttf in Resources */ = {isa = PBXBuildFile; fileRef = EEA7FC4C706649279165E98F /* MaterialCommunityIcons.ttf */; };
		55A7944C006F482CA13C6CE2 /* MaterialIcons.ttf in Resources */ = {isa = PBXBuildFile; fileRef = AB679B68B9CA41F989737E98 /* MaterialIcons.ttf */; };
		FF0B198C31E047C39635F873 /* Octicons.ttf in Resources */ = {isa = PBXBuildFile; fileRef = 54B171147E3349229E494197 /* Octicons.ttf */; };
		267F14F0488448EFB12C82D7 /* SimpleLineIcons.ttf in Resources */ = {isa = PBXBuildFile; fileRef = 71A32896A4E64DEF88368D2D /* SimpleLineIcons.ttf */; };
		A855C4734CEA4D0D9308B823 /* Zocial.ttf in Resources */ = {isa = PBXBuildFile; fileRef = FDD7F2ED3CBA46768AB3DB1D /* Zocial.ttf */; };
/* End PBXBuildFile section */

/* Begin PBXContainerItemProxy section */
		00E356F41AD99517003FC87E /* PBXContainerItemProxy */ = {
			isa = PBXContainerItemProxy;
			containerPortal = 83CBB9F71A601CBA00E9B192 /* Project object */;
			proxyType = 1;
			remoteGlobalIDString = 13B07F861A680F5B00A75B9A;
			remoteInfo = Vertex;
		};
/* End PBXContainerItemProxy section */

/* Begin PBXFileReference section */
		00E356EE1AD99517003FC87E /* VertexTests.xctest */ = {isa = PBXFileReference; explicitFileType = wrapper.cfbundle; includeInIndex = 0; path = VertexTests.xctest; sourceTree = BUILT_PRODUCTS_DIR; };
		00E356F11AD99517003FC87E /* Info.plist */ = {isa = PBXFileReference; lastKnownFileType = text.plist.xml; path = Info.plist; sourceTree = "<group>"; };
		00E356F21AD99517003FC87E /* VertexTests.m */ = {isa = PBXFileReference; lastKnownFileType = sourcecode.c.objc; path = VertexTests.m; sourceTree = "<group>"; };
		02BEFD1B42D9433BA1E9D070 /* Roboto.ttf */ = {isa = PBXFileReference; explicitFileType = undefined; fileEncoding = 9; includeInIndex = 0; lastKnownFileType = unknown; name = Roboto.ttf; path = "../node_modules/native-base/Fonts/Roboto.ttf"; sourceTree = "<group>"; };
		13B07F961A680F5B00A75B9A /* Vertex.app */ = {isa = PBXFileReference; explicitFileType = wrapper.application; includeInIndex = 0; path = Vertex.app; sourceTree = BUILT_PRODUCTS_DIR; };
		13B07FAF1A68108700A75B9A /* AppDelegate.h */ = {isa = PBXFileReference; fileEncoding = 4; lastKnownFileType = sourcecode.c.h; name = AppDelegate.h; path = Vertex/AppDelegate.h; sourceTree = "<group>"; };
		13B07FB01A68108700A75B9A /* AppDelegate.m */ = {isa = PBXFileReference; fileEncoding = 4; lastKnownFileType = sourcecode.c.objc; name = AppDelegate.m; path = Vertex/AppDelegate.m; sourceTree = "<group>"; };
		13B07FB51A68108700A75B9A /* Images.xcassets */ = {isa = PBXFileReference; lastKnownFileType = folder.assetcatalog; name = Images.xcassets; path = Vertex/Images.xcassets; sourceTree = "<group>"; };
		13B07FB61A68108700A75B9A /* Info.plist */ = {isa = PBXFileReference; fileEncoding = 4; lastKnownFileType = text.plist.xml; name = Info.plist; path = Vertex/Info.plist; sourceTree = "<group>"; };
		13B07FB71A68108700A75B9A /* main.m */ = {isa = PBXFileReference; fileEncoding = 4; lastKnownFileType = sourcecode.c.objc; name = main.m; path = Vertex/main.m; sourceTree = "<group>"; };
		33515A872F4D4FF8B8B3D67B /* rubicon-icon-font.ttf */ = {isa = PBXFileReference; explicitFileType = undefined; fileEncoding = 9; includeInIndex = 0; lastKnownFileType = unknown; name = "rubicon-icon-font.ttf"; path = "../node_modules/native-base/Fonts/rubicon-icon-font.ttf"; sourceTree = "<group>"; };
		538C2AE32652458A00357E98 /* DPIcon.ttf */ = {isa = PBXFileReference; lastKnownFileType = file; name = DPIcon.ttf; path = ../App/Assets/Fonts/DPIcon.ttf; sourceTree = "<group>"; };
		70865E94F33EF771B69CF677 /* Pods-Vertex.debug.xcconfig */ = {isa = PBXFileReference; includeInIndex = 1; lastKnownFileType = text.xcconfig; name = "Pods-Vertex.debug.xcconfig"; path = "Target Support Files/Pods-Vertex/Pods-Vertex.debug.xcconfig"; sourceTree = "<group>"; };
		74EBA589C9340E625834B052 /* libPods-Vertex-VertexTests.a */ = {isa = PBXFileReference; explicitFileType = archive.ar; includeInIndex = 0; path = "libPods-Vertex-VertexTests.a"; sourceTree = BUILT_PRODUCTS_DIR; };
		79C3C83C86F1E6531C7C4085 /* libPods-Vertex.a */ = {isa = PBXFileReference; explicitFileType = archive.ar; includeInIndex = 0; path = "libPods-Vertex.a"; sourceTree = BUILT_PRODUCTS_DIR; };
		81AB9BB72411601600AC10FF /* LaunchScreen.storyboard */ = {isa = PBXFileReference; fileEncoding = 4; lastKnownFileType = file.storyboard; name = LaunchScreen.storyboard; path = Vertex/LaunchScreen.storyboard; sourceTree = "<group>"; };
		93F69B74A285E375B63E88FB /* Pods-Vertex.release.xcconfig */ = {isa = PBXFileReference; includeInIndex = 1; lastKnownFileType = text.xcconfig; name = "Pods-Vertex.release.xcconfig"; path = "Target Support Files/Pods-Vertex/Pods-Vertex.release.xcconfig"; sourceTree = "<group>"; };
		98893BDA960117DABC1AF2B9 /* Pods-Vertex-VertexTests.debug.xcconfig */ = {isa = PBXFileReference; includeInIndex = 1; lastKnownFileType = text.xcconfig; name = "Pods-Vertex-VertexTests.debug.xcconfig"; path = "Target Support Files/Pods-Vertex-VertexTests/Pods-Vertex-VertexTests.debug.xcconfig"; sourceTree = "<group>"; };
		B6E4AB16FF2AC2372C53ECA6 /* Pods-Vertex-VertexTests.release.xcconfig */ = {isa = PBXFileReference; includeInIndex = 1; lastKnownFileType = text.xcconfig; name = "Pods-Vertex-VertexTests.release.xcconfig"; path = "Target Support Files/Pods-Vertex-VertexTests/Pods-Vertex-VertexTests.release.xcconfig"; sourceTree = "<group>"; };
		DE1A50AF54ED4D88A6403D79 /* Roboto_medium.ttf */ = {isa = PBXFileReference; explicitFileType = undefined; fileEncoding = 9; includeInIndex = 0; lastKnownFileType = unknown; name = Roboto_medium.ttf; path = "../node_modules/native-base/Fonts/Roboto_medium.ttf"; sourceTree = "<group>"; };
		ED297162215061F000B7C4FE /* JavaScriptCore.framework */ = {isa = PBXFileReference; lastKnownFileType = wrapper.framework; name = JavaScriptCore.framework; path = System/Library/Frameworks/JavaScriptCore.framework; sourceTree = SDKROOT; };
		9F9A36A8C61F4A34AFC2A5E1 /* Montserrat-Black.ttf */ = {isa = PBXFileReference; name = "Montserrat-Black.ttf"; path = "../App/Assets/Fonts/Montserrat/Montserrat-Black.ttf"; sourceTree = "<group>"; fileEncoding = undefined; lastKnownFileType = unknown; explicitFileType = undefined; includeInIndex = 0; };
		913D5C0AD4484AC180BBAE8D /* Montserrat-BlackItalic.ttf */ = {isa = PBXFileReference; name = "Montserrat-BlackItalic.ttf"; path = "../App/Assets/Fonts/Montserrat/Montserrat-BlackItalic.ttf"; sourceTree = "<group>"; fileEncoding = undefined; lastKnownFileType = unknown; explicitFileType = undefined; includeInIndex = 0; };
		3C2B76F450A546BC9C77AADF /* Montserrat-Bold.ttf */ = {isa = PBXFileReference; name = "Montserrat-Bold.ttf"; path = "../App/Assets/Fonts/Montserrat/Montserrat-Bold.ttf"; sourceTree = "<group>"; fileEncoding = undefined; lastKnownFileType = unknown; explicitFileType = undefined; includeInIndex = 0; };
		2D0EA25D205E4DF1A2513FA3 /* Montserrat-BoldItalic.ttf */ = {isa = PBXFileReference; name = "Montserrat-BoldItalic.ttf"; path = "../App/Assets/Fonts/Montserrat/Montserrat-BoldItalic.ttf"; sourceTree = "<group>"; fileEncoding = undefined; lastKnownFileType = unknown; explicitFileType = undefined; includeInIndex = 0; };
		123D6B1569BE43B688DB7617 /* Montserrat-ExtraBold.ttf */ = {isa = PBXFileReference; name = "Montserrat-ExtraBold.ttf"; path = "../App/Assets/Fonts/Montserrat/Montserrat-ExtraBold.ttf"; sourceTree = "<group>"; fileEncoding = undefined; lastKnownFileType = unknown; explicitFileType = undefined; includeInIndex = 0; };
		0489CE4B48404D64B1988882 /* Montserrat-ExtraBoldItalic.ttf */ = {isa = PBXFileReference; name = "Montserrat-ExtraBoldItalic.ttf"; path = "../App/Assets/Fonts/Montserrat/Montserrat-ExtraBoldItalic.ttf"; sourceTree = "<group>"; fileEncoding = undefined; lastKnownFileType = unknown; explicitFileType = undefined; includeInIndex = 0; };
		CE10C38F4B8C4EA495FE0558 /* Montserrat-ExtraLight.ttf */ = {isa = PBXFileReference; name = "Montserrat-ExtraLight.ttf"; path = "../App/Assets/Fonts/Montserrat/Montserrat-ExtraLight.ttf"; sourceTree = "<group>"; fileEncoding = undefined; lastKnownFileType = unknown; explicitFileType = undefined; includeInIndex = 0; };
		41542C1C69104F7F8A32E0D1 /* Montserrat-ExtraLightItalic.ttf */ = {isa = PBXFileReference; name = "Montserrat-ExtraLightItalic.ttf"; path = "../App/Assets/Fonts/Montserrat/Montserrat-ExtraLightItalic.ttf"; sourceTree = "<group>"; fileEncoding = undefined; lastKnownFileType = unknown; explicitFileType = undefined; includeInIndex = 0; };
		B2AB79F4D1444F3ABFD6783C /* Montserrat-Italic.ttf */ = {isa = PBXFileReference; name = "Montserrat-Italic.ttf"; path = "../App/Assets/Fonts/Montserrat/Montserrat-Italic.ttf"; sourceTree = "<group>"; fileEncoding = undefined; lastKnownFileType = unknown; explicitFileType = undefined; includeInIndex = 0; };
		E2E5E65EF3FB46B38EFB5341 /* Montserrat-Light.ttf */ = {isa = PBXFileReference; name = "Montserrat-Light.ttf"; path = "../App/Assets/Fonts/Montserrat/Montserrat-Light.ttf"; sourceTree = "<group>"; fileEncoding = undefined; lastKnownFileType = unknown; explicitFileType = undefined; includeInIndex = 0; };
		EF3DC8F8F0AD48D68B34C556 /* Montserrat-LightItalic.ttf */ = {isa = PBXFileReference; name = "Montserrat-LightItalic.ttf"; path = "../App/Assets/Fonts/Montserrat/Montserrat-LightItalic.ttf"; sourceTree = "<group>"; fileEncoding = undefined; lastKnownFileType = unknown; explicitFileType = undefined; includeInIndex = 0; };
		77B5CFD3320047DE8B26AD68 /* Montserrat-Medium.ttf */ = {isa = PBXFileReference; name = "Montserrat-Medium.ttf"; path = "../App/Assets/Fonts/Montserrat/Montserrat-Medium.ttf"; sourceTree = "<group>"; fileEncoding = undefined; lastKnownFileType = unknown; explicitFileType = undefined; includeInIndex = 0; };
		2839BA9E95F246CF95D94F48 /* Montserrat-MediumItalic.ttf */ = {isa = PBXFileReference; name = "Montserrat-MediumItalic.ttf"; path = "../App/Assets/Fonts/Montserrat/Montserrat-MediumItalic.ttf"; sourceTree = "<group>"; fileEncoding = undefined; lastKnownFileType = unknown; explicitFileType = undefined; includeInIndex = 0; };
		C8EF495154174F769B2C6782 /* Montserrat-Regular.ttf */ = {isa = PBXFileReference; name = "Montserrat-Regular.ttf"; path = "../App/Assets/Fonts/Montserrat/Montserrat-Regular.ttf"; sourceTree = "<group>"; fileEncoding = undefined; lastKnownFileType = unknown; explicitFileType = undefined; includeInIndex = 0; };
		5B18A9BD7B2E4F04ADBED43E /* Montserrat-SemiBold.ttf */ = {isa = PBXFileReference; name = "Montserrat-SemiBold.ttf"; path = "../App/Assets/Fonts/Montserrat/Montserrat-SemiBold.ttf"; sourceTree = "<group>"; fileEncoding = undefined; lastKnownFileType = unknown; explicitFileType = undefined; includeInIndex = 0; };
		1A521C9E2E4840A38F11315C /* Montserrat-SemiBoldItalic.ttf */ = {isa = PBXFileReference; name = "Montserrat-SemiBoldItalic.ttf"; path = "../App/Assets/Fonts/Montserrat/Montserrat-SemiBoldItalic.ttf"; sourceTree = "<group>"; fileEncoding = undefined; lastKnownFileType = unknown; explicitFileType = undefined; includeInIndex = 0; };
		A1C3296B895E45EF90AC83BF /* Montserrat-Thin.ttf */ = {isa = PBXFileReference; name = "Montserrat-Thin.ttf"; path = "../App/Assets/Fonts/Montserrat/Montserrat-Thin.ttf"; sourceTree = "<group>"; fileEncoding = undefined; lastKnownFileType = unknown; explicitFileType = undefined; includeInIndex = 0; };
		3542A5BE7DAA42BE9FA00719 /* Montserrat-ThinItalic.ttf */ = {isa = PBXFileReference; name = "Montserrat-ThinItalic.ttf"; path = "../App/Assets/Fonts/Montserrat/Montserrat-ThinItalic.ttf"; sourceTree = "<group>"; fileEncoding = undefined; lastKnownFileType = unknown; explicitFileType = undefined; includeInIndex = 0; };
		171F2ED176C24ED89640807E /* AntDesign.ttf */ = {isa = PBXFileReference; name = "AntDesign.ttf"; path = "../node_modules/native-base/Fonts/AntDesign.ttf"; sourceTree = "<group>"; fileEncoding = undefined; lastKnownFileType = unknown; explicitFileType = undefined; includeInIndex = 0; };
		AEDE3139DC0C4BD795669F32 /* Entypo.ttf */ = {isa = PBXFileReference; name = "Entypo.ttf"; path = "../node_modules/native-base/Fonts/Entypo.ttf"; sourceTree = "<group>"; fileEncoding = undefined; lastKnownFileType = unknown; explicitFileType = undefined; includeInIndex = 0; };
		968E29C90E3B425F98D5E161 /* EvilIcons.ttf */ = {isa = PBXFileReference; name = "EvilIcons.ttf"; path = "../node_modules/native-base/Fonts/EvilIcons.ttf"; sourceTree = "<group>"; fileEncoding = undefined; lastKnownFileType = unknown; explicitFileType = undefined; includeInIndex = 0; };
		F460A9DB46444FB48DE78137 /* Feather.ttf */ = {isa = PBXFileReference; name = "Feather.ttf"; path = "../node_modules/native-base/Fonts/Feather.ttf"; sourceTree = "<group>"; fileEncoding = undefined; lastKnownFileType = unknown; explicitFileType = undefined; includeInIndex = 0; };
		197047EC528042758D089A0C /* FontAwesome.ttf */ = {isa = PBXFileReference; name = "FontAwesome.ttf"; path = "../node_modules/native-base/Fonts/FontAwesome.ttf"; sourceTree = "<group>"; fileEncoding = undefined; lastKnownFileType = unknown; explicitFileType = undefined; includeInIndex = 0; };
		B088BC8DE35949AA8B3148EE /* FontAwesome5_Brands.ttf */ = {isa = PBXFileReference; name = "FontAwesome5_Brands.ttf"; path = "../node_modules/native-base/Fonts/FontAwesome5_Brands.ttf"; sourceTree = "<group>"; fileEncoding = undefined; lastKnownFileType = unknown; explicitFileType = undefined; includeInIndex = 0; };
		27E46FB7F4E043DF9575CDF6 /* FontAwesome5_Regular.ttf */ = {isa = PBXFileReference; name = "FontAwesome5_Regular.ttf"; path = "../node_modules/native-base/Fonts/FontAwesome5_Regular.ttf"; sourceTree = "<group>"; fileEncoding = undefined; lastKnownFileType = unknown; explicitFileType = undefined; includeInIndex = 0; };
		EAEBBA2AB40B42AE933A3334 /* FontAwesome5_Solid.ttf */ = {isa = PBXFileReference; name = "FontAwesome5_Solid.ttf"; path = "../node_modules/native-base/Fonts/FontAwesome5_Solid.ttf"; sourceTree = "<group>"; fileEncoding = undefined; lastKnownFileType = unknown; explicitFileType = undefined; includeInIndex = 0; };
		9ED6ACB207FD4C53821EB0F2 /* Fontisto.ttf */ = {isa = PBXFileReference; name = "Fontisto.ttf"; path = "../node_modules/native-base/Fonts/Fontisto.ttf"; sourceTree = "<group>"; fileEncoding = undefined; lastKnownFileType = unknown; explicitFileType = undefined; includeInIndex = 0; };
		29E1B11685B4478F9D2D0D2C /* Foundation.ttf */ = {isa = PBXFileReference; name = "Foundation.ttf"; path = "../node_modules/native-base/Fonts/Foundation.ttf"; sourceTree = "<group>"; fileEncoding = undefined; lastKnownFileType = unknown; explicitFileType = undefined; includeInIndex = 0; };
		B06D741E033445DD93956A41 /* Ionicons.ttf */ = {isa = PBXFileReference; name = "Ionicons.ttf"; path = "../node_modules/native-base/Fonts/Ionicons.ttf"; sourceTree = "<group>"; fileEncoding = undefined; lastKnownFileType = unknown; explicitFileType = undefined; includeInIndex = 0; };
		EEA7FC4C706649279165E98F /* MaterialCommunityIcons.ttf */ = {isa = PBXFileReference; name = "MaterialCommunityIcons.ttf"; path = "../node_modules/native-base/Fonts/MaterialCommunityIcons.ttf"; sourceTree = "<group>"; fileEncoding = undefined; lastKnownFileType = unknown; explicitFileType = undefined; includeInIndex = 0; };
		AB679B68B9CA41F989737E98 /* MaterialIcons.ttf */ = {isa = PBXFileReference; name = "MaterialIcons.ttf"; path = "../node_modules/native-base/Fonts/MaterialIcons.ttf"; sourceTree = "<group>"; fileEncoding = undefined; lastKnownFileType = unknown; explicitFileType = undefined; includeInIndex = 0; };
		54B171147E3349229E494197 /* Octicons.ttf */ = {isa = PBXFileReference; name = "Octicons.ttf"; path = "../node_modules/native-base/Fonts/Octicons.ttf"; sourceTree = "<group>"; fileEncoding = undefined; lastKnownFileType = unknown; explicitFileType = undefined; includeInIndex = 0; };
		71A32896A4E64DEF88368D2D /* SimpleLineIcons.ttf */ = {isa = PBXFileReference; name = "SimpleLineIcons.ttf"; path = "../node_modules/native-base/Fonts/SimpleLineIcons.ttf"; sourceTree = "<group>"; fileEncoding = undefined; lastKnownFileType = unknown; explicitFileType = undefined; includeInIndex = 0; };
		FDD7F2ED3CBA46768AB3DB1D /* Zocial.ttf */ = {isa = PBXFileReference; name = "Zocial.ttf"; path = "../node_modules/native-base/Fonts/Zocial.ttf"; sourceTree = "<group>"; fileEncoding = undefined; lastKnownFileType = unknown; explicitFileType = undefined; includeInIndex = 0; };
/* End PBXFileReference section */

/* Begin PBXFrameworksBuildPhase section */
		00E356EB1AD99517003FC87E /* Frameworks */ = {
			isa = PBXFrameworksBuildPhase;
			buildActionMask = 2147483647;
			files = (
				E9F9E0E5FBAAEC81A2DD9FA0 /* libPods-Vertex-VertexTests.a in Frameworks */,
			);
			runOnlyForDeploymentPostprocessing = 0;
		};
		13B07F8C1A680F5B00A75B9A /* Frameworks */ = {
			isa = PBXFrameworksBuildPhase;
			buildActionMask = 2147483647;
			files = (
				08BC7AEEC33E77EFA86B24AF /* libPods-Vertex.a in Frameworks */,
			);
			runOnlyForDeploymentPostprocessing = 0;
		};
/* End PBXFrameworksBuildPhase section */

/* Begin PBXGroup section */
		00E356EF1AD99517003FC87E /* VertexTests */ = {
			isa = PBXGroup;
			children = (
				00E356F21AD99517003FC87E /* VertexTests.m */,
				00E356F01AD99517003FC87E /* Supporting Files */,
			);
			path = VertexTests;
			sourceTree = "<group>";
		};
		00E356F01AD99517003FC87E /* Supporting Files */ = {
			isa = PBXGroup;
			children = (
				00E356F11AD99517003FC87E /* Info.plist */,
			);
			name = "Supporting Files";
			sourceTree = "<group>";
		};
		13B07FAE1A68108700A75B9A /* Vertex */ = {
			isa = PBXGroup;
			children = (
				13B07FAF1A68108700A75B9A /* AppDelegate.h */,
				13B07FB01A68108700A75B9A /* AppDelegate.m */,
				13B07FB51A68108700A75B9A /* Images.xcassets */,
				13B07FB61A68108700A75B9A /* Info.plist */,
				81AB9BB72411601600AC10FF /* LaunchScreen.storyboard */,
				13B07FB71A68108700A75B9A /* main.m */,
			);
			name = Vertex;
			sourceTree = "<group>";
		};
		2D16E6871FA4F8E400B85C8A /* Frameworks */ = {
			isa = PBXGroup;
			children = (
				ED297162215061F000B7C4FE /* JavaScriptCore.framework */,
				79C3C83C86F1E6531C7C4085 /* libPods-Vertex.a */,
				74EBA589C9340E625834B052 /* libPods-Vertex-VertexTests.a */,
			);
			name = Frameworks;
			sourceTree = "<group>";
		};
		6A90CD99BBFCD9A1983202A8 /* Pods */ = {
			isa = PBXGroup;
			children = (
				70865E94F33EF771B69CF677 /* Pods-Vertex.debug.xcconfig */,
				93F69B74A285E375B63E88FB /* Pods-Vertex.release.xcconfig */,
				98893BDA960117DABC1AF2B9 /* Pods-Vertex-VertexTests.debug.xcconfig */,
				B6E4AB16FF2AC2372C53ECA6 /* Pods-Vertex-VertexTests.release.xcconfig */,
			);
			path = Pods;
			sourceTree = "<group>";
		};
		832341AE1AAA6A7D00B99B32 /* Libraries */ = {
			isa = PBXGroup;
			children = (
			);
			name = Libraries;
			sourceTree = "<group>";
		};
		83CBB9F61A601CBA00E9B192 = {
			isa = PBXGroup;
			children = (
				13B07FAE1A68108700A75B9A /* Vertex */,
				832341AE1AAA6A7D00B99B32 /* Libraries */,
				00E356EF1AD99517003FC87E /* VertexTests */,
				83CBBA001A601CBA00E9B192 /* Products */,
				2D16E6871FA4F8E400B85C8A /* Frameworks */,
				F03B2E9B836B42E6AEF97B36 /* Resources */,
				6A90CD99BBFCD9A1983202A8 /* Pods */,
			);
			indentWidth = 2;
			sourceTree = "<group>";
			tabWidth = 2;
			usesTabs = 0;
		};
		83CBBA001A601CBA00E9B192 /* Products */ = {
			isa = PBXGroup;
			children = (
				13B07F961A680F5B00A75B9A /* Vertex.app */,
				00E356EE1AD99517003FC87E /* VertexTests.xctest */,
			);
			name = Products;
			sourceTree = "<group>";
		};
		F03B2E9B836B42E6AEF97B36 /* Resources */ = {
			isa = PBXGroup;
			children = (
				538C2AE32652458A00357E98 /* DPIcon.ttf */,
				DE1A50AF54ED4D88A6403D79 /* Roboto_medium.ttf */,
				02BEFD1B42D9433BA1E9D070 /* Roboto.ttf */,
				33515A872F4D4FF8B8B3D67B /* rubicon-icon-font.ttf */,
				9F9A36A8C61F4A34AFC2A5E1 /* Montserrat-Black.ttf */,
				913D5C0AD4484AC180BBAE8D /* Montserrat-BlackItalic.ttf */,
				3C2B76F450A546BC9C77AADF /* Montserrat-Bold.ttf */,
				2D0EA25D205E4DF1A2513FA3 /* Montserrat-BoldItalic.ttf */,
				123D6B1569BE43B688DB7617 /* Montserrat-ExtraBold.ttf */,
				0489CE4B48404D64B1988882 /* Montserrat-ExtraBoldItalic.ttf */,
				CE10C38F4B8C4EA495FE0558 /* Montserrat-ExtraLight.ttf */,
				41542C1C69104F7F8A32E0D1 /* Montserrat-ExtraLightItalic.ttf */,
				B2AB79F4D1444F3ABFD6783C /* Montserrat-Italic.ttf */,
				E2E5E65EF3FB46B38EFB5341 /* Montserrat-Light.ttf */,
				EF3DC8F8F0AD48D68B34C556 /* Montserrat-LightItalic.ttf */,
				77B5CFD3320047DE8B26AD68 /* Montserrat-Medium.ttf */,
				2839BA9E95F246CF95D94F48 /* Montserrat-MediumItalic.ttf */,
				C8EF495154174F769B2C6782 /* Montserrat-Regular.ttf */,
				5B18A9BD7B2E4F04ADBED43E /* Montserrat-SemiBold.ttf */,
				1A521C9E2E4840A38F11315C /* Montserrat-SemiBoldItalic.ttf */,
				A1C3296B895E45EF90AC83BF /* Montserrat-Thin.ttf */,
				3542A5BE7DAA42BE9FA00719 /* Montserrat-ThinItalic.ttf */,
				171F2ED176C24ED89640807E /* AntDesign.ttf */,
				AEDE3139DC0C4BD795669F32 /* Entypo.ttf */,
				968E29C90E3B425F98D5E161 /* EvilIcons.ttf */,
				F460A9DB46444FB48DE78137 /* Feather.ttf */,
				197047EC528042758D089A0C /* FontAwesome.ttf */,
				B088BC8DE35949AA8B3148EE /* FontAwesome5_Brands.ttf */,
				27E46FB7F4E043DF9575CDF6 /* FontAwesome5_Regular.ttf */,
				EAEBBA2AB40B42AE933A3334 /* FontAwesome5_Solid.ttf */,
				9ED6ACB207FD4C53821EB0F2 /* Fontisto.ttf */,
				29E1B11685B4478F9D2D0D2C /* Foundation.ttf */,
				B06D741E033445DD93956A41 /* Ionicons.ttf */,
				EEA7FC4C706649279165E98F /* MaterialCommunityIcons.ttf */,
				AB679B68B9CA41F989737E98 /* MaterialIcons.ttf */,
				54B171147E3349229E494197 /* Octicons.ttf */,
				71A32896A4E64DEF88368D2D /* SimpleLineIcons.ttf */,
				FDD7F2ED3CBA46768AB3DB1D /* Zocial.ttf */,
			);
			name = Resources;
			sourceTree = "<group>";
		};
/* End PBXGroup section */

/* Begin PBXNativeTarget section */
		00E356ED1AD99517003FC87E /* VertexTests */ = {
			isa = PBXNativeTarget;
			buildConfigurationList = 00E357021AD99517003FC87E /* Build configuration list for PBXNativeTarget "VertexTests" */;
			buildPhases = (
				73CA1250A17A0FB5B6C3475E /* [CP] Check Pods Manifest.lock */,
				00E356EA1AD99517003FC87E /* Sources */,
				00E356EB1AD99517003FC87E /* Frameworks */,
				00E356EC1AD99517003FC87E /* Resources */,
				579611FD250CAF6E9738C5AE /* [CP] Embed Pods Frameworks */,
				B5F2EC21238659AC283E1911 /* [CP] Copy Pods Resources */,
			);
			buildRules = (
			);
			dependencies = (
				00E356F51AD99517003FC87E /* PBXTargetDependency */,
			);
			name = VertexTests;
			productName = VertexTests;
			productReference = 00E356EE1AD99517003FC87E /* VertexTests.xctest */;
			productType = "com.apple.product-type.bundle.unit-test";
		};
		13B07F861A680F5B00A75B9A /* Vertex */ = {
			isa = PBXNativeTarget;
			buildConfigurationList = 13B07F931A680F5B00A75B9A /* Build configuration list for PBXNativeTarget "Vertex" */;
			buildPhases = (
				B5589CB7353F16FA90DD5950 /* [CP] Check Pods Manifest.lock */,
				FD10A7F022414F080027D42C /* Start Packager */,
				13B07F871A680F5B00A75B9A /* Sources */,
				13B07F8C1A680F5B00A75B9A /* Frameworks */,
				13B07F8E1A680F5B00A75B9A /* Resources */,
				00DD1BFF1BD5951E006B06BC /* Bundle React Native code and images */,
				1866B7BBC2B23356C10A41FA /* [CP] Embed Pods Frameworks */,
				8515A89E0EAAB6A1FB0CC16B /* [CP] Copy Pods Resources */,
			);
			buildRules = (
			);
			dependencies = (
			);
			name = Vertex;
			productName = Vertex;
			productReference = 13B07F961A680F5B00A75B9A /* Vertex.app */;
			productType = "com.apple.product-type.application";
		};
/* End PBXNativeTarget section */

/* Begin PBXProject section */
		83CBB9F71A601CBA00E9B192 /* Project object */ = {
			isa = PBXProject;
			attributes = {
				LastUpgradeCheck = 1240;
				TargetAttributes = {
					00E356ED1AD99517003FC87E = {
						CreatedOnToolsVersion = 6.2;
						TestTargetID = 13B07F861A680F5B00A75B9A;
					};
					13B07F861A680F5B00A75B9A = {
						LastSwiftMigration = 1120;
					};
				};
			};
			buildConfigurationList = 83CBB9FA1A601CBA00E9B192 /* Build configuration list for PBXProject "Vertex" */;
			compatibilityVersion = "Xcode 12.0";
			developmentRegion = en;
			hasScannedForEncodings = 0;
			knownRegions = (
				en,
				Base,
			);
			mainGroup = 83CBB9F61A601CBA00E9B192;
			productRefGroup = 83CBBA001A601CBA00E9B192 /* Products */;
			projectDirPath = "";
			projectRoot = "";
			targets = (
				13B07F861A680F5B00A75B9A /* Vertex */,
				00E356ED1AD99517003FC87E /* VertexTests */,
			);
		};
/* End PBXProject section */

/* Begin PBXResourcesBuildPhase section */
		00E356EC1AD99517003FC87E /* Resources */ = {
			isa = PBXResourcesBuildPhase;
			buildActionMask = 2147483647;
			files = (
			);
			runOnlyForDeploymentPostprocessing = 0;
		};
		13B07F8E1A680F5B00A75B9A /* Resources */ = {
			isa = PBXResourcesBuildPhase;
			buildActionMask = 2147483647;
			files = (
				538C2AE42652461000357E98 /* DPIcon.ttf in Resources */,
				81AB9BB82411601600AC10FF /* LaunchScreen.storyboard in Resources */,
				13B07FBF1A68108700A75B9A /* Images.xcassets in Resources */,
				84AFD0132FE3409F88B0B03A /* Montserrat-Black.ttf in Resources */,
				B6B962839C4D4A5CB622C74E /* Montserrat-BlackItalic.ttf in Resources */,
				BA683959567D4E558778AE02 /* Montserrat-Bold.ttf in Resources */,
				E725EF140794489B8D9D4028 /* Montserrat-BoldItalic.ttf in Resources */,
				3A736FDCFA96419FA5CD35ED /* Montserrat-ExtraBold.ttf in Resources */,
				FE45D35D216C46B8A4E27C22 /* Montserrat-ExtraBoldItalic.ttf in Resources */,
				DE5EE2BC395743E5BD306F44 /* Montserrat-ExtraLight.ttf in Resources */,
				81C858A89DA34E04AAAAD340 /* Montserrat-ExtraLightItalic.ttf in Resources */,
				38B40235FE964251AAC5359B /* Montserrat-Italic.ttf in Resources */,
				5DBFBCB51219405BA1D5AB91 /* Montserrat-Light.ttf in Resources */,
				1FED9FEBAA4D433180E04C1B /* Montserrat-LightItalic.ttf in Resources */,
				3800764B049C4D19B460B803 /* Montserrat-Medium.ttf in Resources */,
				09B3F35826B3479DB598E0C5 /* Montserrat-MediumItalic.ttf in Resources */,
				49D99EAF06AB4760B4BA2254 /* Montserrat-Regular.ttf in Resources */,
				F79001F0F780430BA73F9251 /* Montserrat-SemiBold.ttf in Resources */,
				4BAA0993B25540089CA19BD3 /* Montserrat-SemiBoldItalic.ttf in Resources */,
				439840F9E12C47449AB13622 /* Montserrat-Thin.ttf in Resources */,
				AE294AA570134EA586C4B8A8 /* Montserrat-ThinItalic.ttf in Resources */,
				67F83C6FBC1942359F8F997D /* AntDesign.ttf in Resources */,
				4759BF77F4044CC7BE14E53B /* Entypo.ttf in Resources */,
				6360DC594CCF4369BBEB13D7 /* EvilIcons.ttf in Resources */,
				5CB350A70ACA4F19A06BAAD5 /* Feather.ttf in Resources */,
				7C3D309845EC47D19ECA5CDF /* FontAwesome.ttf in Resources */,
				A57CA21A94B54E40ACCDCADD /* FontAwesome5_Brands.ttf in Resources */,
				4459BDC21C404E96A1A3EDBB /* FontAwesome5_Regular.ttf in Resources */,
				A80A3673C2394C8EB8D68609 /* FontAwesome5_Solid.ttf in Resources */,
				7B75982C30074392ABA37CB6 /* Fontisto.ttf in Resources */,
				484F47982D7748AB9C9E1CE7 /* Foundation.ttf in Resources */,
				080C8A4EBDB74890886072BF /* Ionicons.ttf in Resources */,
				67337A1B55A04A5A9B74C11E /* MaterialCommunityIcons.ttf in Resources */,
				55A7944C006F482CA13C6CE2 /* MaterialIcons.ttf in Resources */,
				FF0B198C31E047C39635F873 /* Octicons.ttf in Resources */,
				267F14F0488448EFB12C82D7 /* SimpleLineIcons.ttf in Resources */,
				A855C4734CEA4D0D9308B823 /* Zocial.ttf in Resources */,
			);
			runOnlyForDeploymentPostprocessing = 0;
		};
/* End PBXResourcesBuildPhase section */

/* Begin PBXShellScriptBuildPhase section */
		00DD1BFF1BD5951E006B06BC /* Bundle React Native code and images */ = {
			isa = PBXShellScriptBuildPhase;
			buildActionMask = 2147483647;
			files = (
			);
			inputPaths = (
			);
			name = "Bundle React Native code and images";
			outputPaths = (
			);
			runOnlyForDeploymentPostprocessing = 0;
			shellPath = /bin/sh;
			shellScript = "set -e\n\nexport NODE_BINARY=node\n../node_modules/react-native/scripts/react-native-xcode.sh\n";
		};
		1866B7BBC2B23356C10A41FA /* [CP] Embed Pods Frameworks */ = {
			isa = PBXShellScriptBuildPhase;
			buildActionMask = 2147483647;
			files = (
			);
			inputFileListPaths = (
				"${PODS_ROOT}/Target Support Files/Pods-Vertex/Pods-Vertex-frameworks-${CONFIGURATION}-input-files.xcfilelist",
			);
			name = "[CP] Embed Pods Frameworks";
			outputFileListPaths = (
				"${PODS_ROOT}/Target Support Files/Pods-Vertex/Pods-Vertex-frameworks-${CONFIGURATION}-output-files.xcfilelist",
			);
			runOnlyForDeploymentPostprocessing = 0;
			shellPath = /bin/sh;
			shellScript = "\"${PODS_ROOT}/Target Support Files/Pods-Vertex/Pods-Vertex-frameworks.sh\"\n";
			showEnvVarsInLog = 0;
		};
		579611FD250CAF6E9738C5AE /* [CP] Embed Pods Frameworks */ = {
			isa = PBXShellScriptBuildPhase;
			buildActionMask = 2147483647;
			files = (
			);
			inputFileListPaths = (
				"${PODS_ROOT}/Target Support Files/Pods-Vertex-VertexTests/Pods-Vertex-VertexTests-frameworks-${CONFIGURATION}-input-files.xcfilelist",
			);
			name = "[CP] Embed Pods Frameworks";
			outputFileListPaths = (
				"${PODS_ROOT}/Target Support Files/Pods-Vertex-VertexTests/Pods-Vertex-VertexTests-frameworks-${CONFIGURATION}-output-files.xcfilelist",
			);
			runOnlyForDeploymentPostprocessing = 0;
			shellPath = /bin/sh;
			shellScript = "\"${PODS_ROOT}/Target Support Files/Pods-Vertex-VertexTests/Pods-Vertex-VertexTests-frameworks.sh\"\n";
			showEnvVarsInLog = 0;
		};
		73CA1250A17A0FB5B6C3475E /* [CP] Check Pods Manifest.lock */ = {
			isa = PBXShellScriptBuildPhase;
			buildActionMask = 2147483647;
			files = (
			);
			inputFileListPaths = (
			);
			inputPaths = (
				"${PODS_PODFILE_DIR_PATH}/Podfile.lock",
				"${PODS_ROOT}/Manifest.lock",
			);
			name = "[CP] Check Pods Manifest.lock";
			outputFileListPaths = (
			);
			outputPaths = (
				"$(DERIVED_FILE_DIR)/Pods-Vertex-VertexTests-checkManifestLockResult.txt",
			);
			runOnlyForDeploymentPostprocessing = 0;
			shellPath = /bin/sh;
			shellScript = "diff \"${PODS_PODFILE_DIR_PATH}/Podfile.lock\" \"${PODS_ROOT}/Manifest.lock\" > /dev/null\nif [ $? != 0 ] ; then\n    # print error to STDERR\n    echo \"error: The sandbox is not in sync with the Podfile.lock. Run 'pod install' or update your CocoaPods installation.\" >&2\n    exit 1\nfi\n# This output is used by Xcode 'outputs' to avoid re-running this script phase.\necho \"SUCCESS\" > \"${SCRIPT_OUTPUT_FILE_0}\"\n";
			showEnvVarsInLog = 0;
		};
		8515A89E0EAAB6A1FB0CC16B /* [CP] Copy Pods Resources */ = {
			isa = PBXShellScriptBuildPhase;
			buildActionMask = 2147483647;
			files = (
			);
			inputFileListPaths = (
				"${PODS_ROOT}/Target Support Files/Pods-Vertex/Pods-Vertex-resources-${CONFIGURATION}-input-files.xcfilelist",
			);
			name = "[CP] Copy Pods Resources";
			outputFileListPaths = (
				"${PODS_ROOT}/Target Support Files/Pods-Vertex/Pods-Vertex-resources-${CONFIGURATION}-output-files.xcfilelist",
			);
			runOnlyForDeploymentPostprocessing = 0;
			shellPath = /bin/sh;
			shellScript = "\"${PODS_ROOT}/Target Support Files/Pods-Vertex/Pods-Vertex-resources.sh\"\n";
			showEnvVarsInLog = 0;
		};
		B5589CB7353F16FA90DD5950 /* [CP] Check Pods Manifest.lock */ = {
			isa = PBXShellScriptBuildPhase;
			buildActionMask = 2147483647;
			files = (
			);
			inputFileListPaths = (
			);
			inputPaths = (
				"${PODS_PODFILE_DIR_PATH}/Podfile.lock",
				"${PODS_ROOT}/Manifest.lock",
			);
			name = "[CP] Check Pods Manifest.lock";
			outputFileListPaths = (
			);
			outputPaths = (
				"$(DERIVED_FILE_DIR)/Pods-Vertex-checkManifestLockResult.txt",
			);
			runOnlyForDeploymentPostprocessing = 0;
			shellPath = /bin/sh;
			shellScript = "diff \"${PODS_PODFILE_DIR_PATH}/Podfile.lock\" \"${PODS_ROOT}/Manifest.lock\" > /dev/null\nif [ $? != 0 ] ; then\n    # print error to STDERR\n    echo \"error: The sandbox is not in sync with the Podfile.lock. Run 'pod install' or update your CocoaPods installation.\" >&2\n    exit 1\nfi\n# This output is used by Xcode 'outputs' to avoid re-running this script phase.\necho \"SUCCESS\" > \"${SCRIPT_OUTPUT_FILE_0}\"\n";
			showEnvVarsInLog = 0;
		};
		B5F2EC21238659AC283E1911 /* [CP] Copy Pods Resources */ = {
			isa = PBXShellScriptBuildPhase;
			buildActionMask = 2147483647;
			files = (
			);
			inputFileListPaths = (
				"${PODS_ROOT}/Target Support Files/Pods-Vertex-VertexTests/Pods-Vertex-VertexTests-resources-${CONFIGURATION}-input-files.xcfilelist",
			);
			name = "[CP] Copy Pods Resources";
			outputFileListPaths = (
				"${PODS_ROOT}/Target Support Files/Pods-Vertex-VertexTests/Pods-Vertex-VertexTests-resources-${CONFIGURATION}-output-files.xcfilelist",
			);
			runOnlyForDeploymentPostprocessing = 0;
			shellPath = /bin/sh;
			shellScript = "\"${PODS_ROOT}/Target Support Files/Pods-Vertex-VertexTests/Pods-Vertex-VertexTests-resources.sh\"\n";
			showEnvVarsInLog = 0;
		};
		FD10A7F022414F080027D42C /* Start Packager */ = {
			isa = PBXShellScriptBuildPhase;
			buildActionMask = 2147483647;
			files = (
			);
			inputFileListPaths = (
			);
			inputPaths = (
			);
			name = "Start Packager";
			outputFileListPaths = (
			);
			outputPaths = (
			);
			runOnlyForDeploymentPostprocessing = 0;
			shellPath = /bin/sh;
			shellScript = "export RCT_METRO_PORT=\"${RCT_METRO_PORT:=8081}\"\necho \"export RCT_METRO_PORT=${RCT_METRO_PORT}\" > \"${SRCROOT}/../node_modules/react-native/scripts/.packager.env\"\nif [ -z \"${RCT_NO_LAUNCH_PACKAGER+xxx}\" ] ; then\n  if nc -w 5 -z localhost ${RCT_METRO_PORT} ; then\n    if ! curl -s \"http://localhost:${RCT_METRO_PORT}/status\" | grep -q \"packager-status:running\" ; then\n      echo \"Port ${RCT_METRO_PORT} already in use, packager is either not running or not running correctly\"\n      exit 2\n    fi\n  else\n    open \"$SRCROOT/../node_modules/react-native/scripts/launchPackager.command\" || echo \"Can't start packager automatically\"\n  fi\nfi\n";
			showEnvVarsInLog = 0;
		};
/* End PBXShellScriptBuildPhase section */

/* Begin PBXSourcesBuildPhase section */
		00E356EA1AD99517003FC87E /* Sources */ = {
			isa = PBXSourcesBuildPhase;
			buildActionMask = 2147483647;
			files = (
				00E356F31AD99517003FC87E /* VertexTests.m in Sources */,
			);
			runOnlyForDeploymentPostprocessing = 0;
		};
		13B07F871A680F5B00A75B9A /* Sources */ = {
			isa = PBXSourcesBuildPhase;
			buildActionMask = 2147483647;
			files = (
				13B07FBC1A68108700A75B9A /* AppDelegate.m in Sources */,
				13B07FC11A68108700A75B9A /* main.m in Sources */,
			);
			runOnlyForDeploymentPostprocessing = 0;
		};
/* End PBXSourcesBuildPhase section */

/* Begin PBXTargetDependency section */
		00E356F51AD99517003FC87E /* PBXTargetDependency */ = {
			isa = PBXTargetDependency;
			target = 13B07F861A680F5B00A75B9A /* Vertex */;
			targetProxy = 00E356F41AD99517003FC87E /* PBXContainerItemProxy */;
		};
/* End PBXTargetDependency section */

/* Begin XCBuildConfiguration section */
		00E356F61AD99517003FC87E /* Debug */ = {
			isa = XCBuildConfiguration;
			baseConfigurationReference = 98893BDA960117DABC1AF2B9 /* Pods-Vertex-VertexTests.debug.xcconfig */;
			buildSettings = {
				ALWAYS_EMBED_SWIFT_STANDARD_LIBRARIES = YES;
				BUNDLE_LOADER = "$(TEST_HOST)";
				GCC_PREPROCESSOR_DEFINITIONS = (
					"DEBUG=1",
					"$(inherited)",
				);
				INFOPLIST_FILE = VertexTests/Info.plist;
				IPHONEOS_DEPLOYMENT_TARGET = 12.0;
				LD_RUNPATH_SEARCH_PATHS = (
					"$(inherited)",
					"@executable_path/Frameworks",
					"@loader_path/Frameworks",
				);
				OTHER_LDFLAGS = (
					"-ObjC",
					"-lc++",
					"$(inherited)",
				);
				PRODUCT_BUNDLE_IDENTIFIER = "org.reactjs.native.example.$(PRODUCT_NAME:rfc1034identifier)";
				PRODUCT_NAME = "$(TARGET_NAME)";
				TEST_HOST = "$(BUILT_PRODUCTS_DIR)/Vertex.app/Vertex";
			};
			name = Debug;
		};
		00E356F71AD99517003FC87E /* Release */ = {
			isa = XCBuildConfiguration;
			baseConfigurationReference = B6E4AB16FF2AC2372C53ECA6 /* Pods-Vertex-VertexTests.release.xcconfig */;
			buildSettings = {
				ALWAYS_EMBED_SWIFT_STANDARD_LIBRARIES = YES;
				BUNDLE_LOADER = "$(TEST_HOST)";
				COPY_PHASE_STRIP = NO;
				INFOPLIST_FILE = VertexTests/Info.plist;
				IPHONEOS_DEPLOYMENT_TARGET = 12.0;
				LD_RUNPATH_SEARCH_PATHS = (
					"$(inherited)",
					"@executable_path/Frameworks",
					"@loader_path/Frameworks",
				);
				OTHER_LDFLAGS = (
					"-ObjC",
					"-lc++",
					"$(inherited)",
				);
				PRODUCT_BUNDLE_IDENTIFIER = "org.reactjs.native.example.$(PRODUCT_NAME:rfc1034identifier)";
				PRODUCT_NAME = "$(TARGET_NAME)";
				TEST_HOST = "$(BUILT_PRODUCTS_DIR)/Vertex.app/Vertex";
			};
			name = Release;
		};
		13B07F941A680F5B00A75B9A /* Debug */ = {
			isa = XCBuildConfiguration;
			baseConfigurationReference = 70865E94F33EF771B69CF677 /* Pods-Vertex.debug.xcconfig */;
			buildSettings = {
				ASSETCATALOG_COMPILER_APPICON_NAME = AppIcon;
				CLANG_ENABLE_MODULES = YES;
				CURRENT_PROJECT_VERSION = 1;
				DEVELOPMENT_TEAM = CT3TQ8J8XB;
				ENABLE_BITCODE = NO;
				INFOPLIST_FILE = Vertex/Info.plist;
				IPHONEOS_DEPLOYMENT_TARGET = 12.0;
				LD_RUNPATH_SEARCH_PATHS = (
					"$(inherited)",
					"@executable_path/Frameworks",
				);
				OTHER_LDFLAGS = (
					"$(inherited)",
					"-ObjC",
					"-lc++",
				);
				PRODUCT_BUNDLE_IDENTIFIER = org.reactjs.native.Vertex;
				PRODUCT_NAME = Vertex;
				SWIFT_OPTIMIZATION_LEVEL = "-Onone";
				SWIFT_VERSION = 5.0;
				VERSIONING_SYSTEM = "apple-generic";
			};
			name = Debug;
		};
		13B07F951A680F5B00A75B9A /* Release */ = {
			isa = XCBuildConfiguration;
			baseConfigurationReference = 93F69B74A285E375B63E88FB /* Pods-Vertex.release.xcconfig */;
			buildSettings = {
				ASSETCATALOG_COMPILER_APPICON_NAME = AppIcon;
				CLANG_ENABLE_MODULES = YES;
				CURRENT_PROJECT_VERSION = 1;
				DEVELOPMENT_TEAM = CT3TQ8J8XB;
				INFOPLIST_FILE = Vertex/Info.plist;
				IPHONEOS_DEPLOYMENT_TARGET = 12.0;
				LD_RUNPATH_SEARCH_PATHS = (
					"$(inherited)",
					"@executable_path/Frameworks",
				);
				OTHER_LDFLAGS = (
					"$(inherited)",
					"-ObjC",
					"-lc++",
				);
				PRODUCT_BUNDLE_IDENTIFIER = org.reactjs.native.Vertex;
				PRODUCT_NAME = Vertex;
				SWIFT_VERSION = 5.0;
				VERSIONING_SYSTEM = "apple-generic";
			};
			name = Release;
		};
		83CBBA201A601CBA00E9B192 /* Debug */ = {
			isa = XCBuildConfiguration;
			buildSettings = {
				ALWAYS_SEARCH_USER_PATHS = NO;
				CLANG_ANALYZER_LOCALIZABILITY_NONLOCALIZED = YES;
				CLANG_CXX_LANGUAGE_STANDARD = "gnu++0x";
				CLANG_CXX_LIBRARY = "libc++";
				CLANG_ENABLE_MODULES = YES;
				CLANG_ENABLE_OBJC_ARC = YES;
				CLANG_WARN_BLOCK_CAPTURE_AUTORELEASING = YES;
				CLANG_WARN_BOOL_CONVERSION = YES;
				CLANG_WARN_COMMA = YES;
				CLANG_WARN_CONSTANT_CONVERSION = YES;
				CLANG_WARN_DEPRECATED_OBJC_IMPLEMENTATIONS = YES;
				CLANG_WARN_DIRECT_OBJC_ISA_USAGE = YES_ERROR;
				CLANG_WARN_EMPTY_BODY = YES;
				CLANG_WARN_ENUM_CONVERSION = YES;
				CLANG_WARN_INFINITE_RECURSION = YES;
				CLANG_WARN_INT_CONVERSION = YES;
				CLANG_WARN_NON_LITERAL_NULL_CONVERSION = YES;
				CLANG_WARN_OBJC_IMPLICIT_RETAIN_SELF = YES;
				CLANG_WARN_OBJC_LITERAL_CONVERSION = YES;
				CLANG_WARN_OBJC_ROOT_CLASS = YES_ERROR;
				CLANG_WARN_QUOTED_INCLUDE_IN_FRAMEWORK_HEADER = YES;
				CLANG_WARN_RANGE_LOOP_ANALYSIS = YES;
				CLANG_WARN_STRICT_PROTOTYPES = YES;
				CLANG_WARN_SUSPICIOUS_MOVE = YES;
				CLANG_WARN_UNREACHABLE_CODE = YES;
				CLANG_WARN__DUPLICATE_METHOD_MATCH = YES;
				"CODE_SIGN_IDENTITY[sdk=iphoneos*]" = "iPhone Developer";
				COPY_PHASE_STRIP = NO;
				ENABLE_STRICT_OBJC_MSGSEND = YES;
				ENABLE_TESTABILITY = YES;
				"EXCLUDED_ARCHS[sdk=iphonesimulator*]" = "arm64 ";
				GCC_C_LANGUAGE_STANDARD = gnu99;
				GCC_DYNAMIC_NO_PIC = NO;
				GCC_NO_COMMON_BLOCKS = YES;
				GCC_OPTIMIZATION_LEVEL = 0;
				GCC_PREPROCESSOR_DEFINITIONS = (
					"DEBUG=1",
					"$(inherited)",
				);
				GCC_SYMBOLS_PRIVATE_EXTERN = NO;
				GCC_WARN_64_TO_32_BIT_CONVERSION = YES;
				GCC_WARN_ABOUT_RETURN_TYPE = YES_ERROR;
				GCC_WARN_UNDECLARED_SELECTOR = YES;
				GCC_WARN_UNINITIALIZED_AUTOS = YES_AGGRESSIVE;
				GCC_WARN_UNUSED_FUNCTION = YES;
				GCC_WARN_UNUSED_VARIABLE = YES;
				IPHONEOS_DEPLOYMENT_TARGET = 12.1;
				LD_RUNPATH_SEARCH_PATHS = (
					/usr/lib/swift,
					"$(inherited)",
				);
				LIBRARY_SEARCH_PATHS = (
					"\"$(TOOLCHAIN_DIR)/usr/lib/swift/$(PLATFORM_NAME)\"",
					"\"$(TOOLCHAIN_DIR)/usr/lib/swift-5.0/$(PLATFORM_NAME)\"",
					"\"$(inherited)\"",
				);
				MTL_ENABLE_DEBUG_INFO = YES;
				ONLY_ACTIVE_ARCH = YES;
				SDKROOT = iphoneos;
			};
			name = Debug;
		};
		83CBBA211A601CBA00E9B192 /* Release */ = {
			isa = XCBuildConfiguration;
			buildSettings = {
				ALWAYS_SEARCH_USER_PATHS = NO;
				CLANG_ANALYZER_LOCALIZABILITY_NONLOCALIZED = YES;
				CLANG_CXX_LANGUAGE_STANDARD = "gnu++0x";
				CLANG_CXX_LIBRARY = "libc++";
				CLANG_ENABLE_MODULES = YES;
				CLANG_ENABLE_OBJC_ARC = YES;
				CLANG_WARN_BLOCK_CAPTURE_AUTORELEASING = YES;
				CLANG_WARN_BOOL_CONVERSION = YES;
				CLANG_WARN_COMMA = YES;
				CLANG_WARN_CONSTANT_CONVERSION = YES;
				CLANG_WARN_DEPRECATED_OBJC_IMPLEMENTATIONS = YES;
				CLANG_WARN_DIRECT_OBJC_ISA_USAGE = YES_ERROR;
				CLANG_WARN_EMPTY_BODY = YES;
				CLANG_WARN_ENUM_CONVERSION = YES;
				CLANG_WARN_INFINITE_RECURSION = YES;
				CLANG_WARN_INT_CONVERSION = YES;
				CLANG_WARN_NON_LITERAL_NULL_CONVERSION = YES;
				CLANG_WARN_OBJC_IMPLICIT_RETAIN_SELF = YES;
				CLANG_WARN_OBJC_LITERAL_CONVERSION = YES;
				CLANG_WARN_OBJC_ROOT_CLASS = YES_ERROR;
				CLANG_WARN_QUOTED_INCLUDE_IN_FRAMEWORK_HEADER = YES;
				CLANG_WARN_RANGE_LOOP_ANALYSIS = YES;
				CLANG_WARN_STRICT_PROTOTYPES = YES;
				CLANG_WARN_SUSPICIOUS_MOVE = YES;
				CLANG_WARN_UNREACHABLE_CODE = YES;
				CLANG_WARN__DUPLICATE_METHOD_MATCH = YES;
				"CODE_SIGN_IDENTITY[sdk=iphoneos*]" = "iPhone Developer";
				COPY_PHASE_STRIP = YES;
				ENABLE_NS_ASSERTIONS = NO;
				ENABLE_STRICT_OBJC_MSGSEND = YES;
				"EXCLUDED_ARCHS[sdk=iphonesimulator*]" = "arm64 ";
				GCC_C_LANGUAGE_STANDARD = gnu99;
				GCC_NO_COMMON_BLOCKS = YES;
				GCC_WARN_64_TO_32_BIT_CONVERSION = YES;
				GCC_WARN_ABOUT_RETURN_TYPE = YES_ERROR;
				GCC_WARN_UNDECLARED_SELECTOR = YES;
				GCC_WARN_UNINITIALIZED_AUTOS = YES_AGGRESSIVE;
				GCC_WARN_UNUSED_FUNCTION = YES;
				GCC_WARN_UNUSED_VARIABLE = YES;
				IPHONEOS_DEPLOYMENT_TARGET = 12.1;
				LD_RUNPATH_SEARCH_PATHS = (
					/usr/lib/swift,
					"$(inherited)",
				);
				LIBRARY_SEARCH_PATHS = (
					"\"$(TOOLCHAIN_DIR)/usr/lib/swift/$(PLATFORM_NAME)\"",
					"\"$(TOOLCHAIN_DIR)/usr/lib/swift-5.0/$(PLATFORM_NAME)\"",
					"\"$(inherited)\"",
				);
				MTL_ENABLE_DEBUG_INFO = NO;
				SDKROOT = iphoneos;
				VALIDATE_PRODUCT = YES;
			};
			name = Release;
		};
/* End XCBuildConfiguration section */

/* Begin XCConfigurationList section */
		00E357021AD99517003FC87E /* Build configuration list for PBXNativeTarget "VertexTests" */ = {
			isa = XCConfigurationList;
			buildConfigurations = (
				00E356F61AD99517003FC87E /* Debug */,
				00E356F71AD99517003FC87E /* Release */,
			);
			defaultConfigurationIsVisible = 0;
			defaultConfigurationName = Release;
		};
		13B07F931A680F5B00A75B9A /* Build configuration list for PBXNativeTarget "Vertex" */ = {
			isa = XCConfigurationList;
			buildConfigurations = (
				13B07F941A680F5B00A75B9A /* Debug */,
				13B07F951A680F5B00A75B9A /* Release */,
			);
			defaultConfigurationIsVisible = 0;
			defaultConfigurationName = Release;
		};
		83CBB9FA1A601CBA00E9B192 /* Build configuration list for PBXProject "Vertex" */ = {
			isa = XCConfigurationList;
			buildConfigurations = (
				83CBBA201A601CBA00E9B192 /* Debug */,
				83CBBA211A601CBA00E9B192 /* Release */,
			);
			defaultConfigurationIsVisible = 0;
			defaultConfigurationName = Release;
		};
/* End XCConfigurationList section */
	};
	rootObject = 83CBB9F71A601CBA00E9B192 /* Project object */;
}
